
Microsoft Visual Studio Solution File, Format Version 12.00
# Visual Studio Version 16
VisualStudioVersion = 16.0.31409.214
MinimumVisualStudioVersion = 10.0.40219.1
Project("{FAE04EC0-301F-11D3-BF4B-00C04F79EFBC}") = "lab3_1", "lab3_1\lab3_1.csproj", "{F529255D-88E2-4CD4-AE97-132A09666E2E}"
EndProject
Global
	GlobalSection(SolutionConfigurationPlatforms) = preSolution
		Debug|Any CPU = Debug|Any CPU
		Release|Any CPU = Release|Any CPU
	EndGlobalSection
	GlobalSection(ProjectConfigurationPlatforms) = postSolution
		{F529255D-88E2-4CD4-AE97-132A09666E2E}.Debug|Any CPU.ActiveCfg = Debug|Any CPU
		{F529255D-88E2-4CD4-AE97-132A09666E2E}.Debug|Any CPU.Build.0 = Debug|Any CPU
		{F529255D-88E2-4CD4-AE97-132A09666E2E}.Release|Any CPU.ActiveCfg = Release|Any CPU
		{F529255D-88E2-4CD4-AE97-132A09666E2E}.Release|Any CPU.Build.0 = Release|Any CPU
	EndGlobalSection
	GlobalSection(SolutionProperties) = preSolution
		HideSolutionNode = FALSE
	EndGlobalSection
	GlobalSection(ExtensibilityGlobals) = postSolution
		SolutionGuid = {FEF248FC-9C2F-4663-AA0F-2A6F9C903846}
	EndGlobalSection
EndGlobal
